
Microsoft Visual Studio Solution File, Format Version 12.00
# Visual Studio Version 17
VisualStudioVersion = 17.0.31717.71
MinimumVisualStudioVersion = 10.0.40219.1
Project("{FAE04EC0-301F-11D3-BF4B-00C04F79EFBC}") = "SwaggerProxyGenerator", "SwaggerProxyGenerator\SwaggerProxyGenerator.csproj", "{3621896F-F462-4AC6-94DE-0192D5776CE9}"
EndProject
Project("{FAE04EC0-301F-11D3-BF4B-00C04F79EFBC}") = "SwaggerClient", "SwaggerClient\SwaggerClient.csproj", "{AD46AF18-7980-4E42-9C0A-02E595E4CE1C}"
EndProject
Global
	GlobalSection(SolutionConfigurationPlatforms) = preSolution
		Debug|Any CPU = Debug|Any CPU
		Release|Any CPU = Release|Any CPU
	EndGlobalSection
	GlobalSection(ProjectConfigurationPlatforms) = postSolution
		{3621896F-F462-4AC6-94DE-0192D5776CE9}.Debug|Any CPU.ActiveCfg = Debug|Any CPU
		{3621896F-F462-4AC6-94DE-0192D5776CE9}.Debug|Any CPU.Build.0 = Debug|Any CPU
		{3621896F-F462-4AC6-94DE-0192D5776CE9}.Release|Any CPU.ActiveCfg = Release|Any CPU
		{3621896F-F462-4AC6-94DE-0192D5776CE9}.Release|Any CPU.Build.0 = Release|Any CPU
		{AD46AF18-7980-4E42-9C0A-02E595E4CE1C}.Debug|Any CPU.ActiveCfg = Debug|Any CPU
		{AD46AF18-7980-4E42-9C0A-02E595E4CE1C}.Debug|Any CPU.Build.0 = Debug|Any CPU
		{AD46AF18-7980-4E42-9C0A-02E595E4CE1C}.Release|Any CPU.ActiveCfg = Release|Any CPU
		{AD46AF18-7980-4E42-9C0A-02E595E4CE1C}.Release|Any CPU.Build.0 = Release|Any CPU
	EndGlobalSection
	GlobalSection(SolutionProperties) = preSolution
		HideSolutionNode = FALSE
	EndGlobalSection
	GlobalSection(ExtensibilityGlobals) = postSolution
		SolutionGuid = {2FDEEB7D-130D-4EC5-B5CF-9B0E8516A555}
	EndGlobalSection
EndGlobal
