
Microsoft Visual Studio Solution File, Format Version 12.00
# Visual Studio Version 17
VisualStudioVersion = 17.0.31717.71
MinimumVisualStudioVersion = 10.0.40219.1
Project("{9A19103F-16F7-4668-BE54-9A1E7A4F7556}") = "LibraryGenerator", "LibraryGenerator\LibraryGenerator.csproj", "{9C450433-0A53-4DEB-B989-EE26BED4FE2D}"
EndProject
Project("{9A19103F-16F7-4668-BE54-9A1E7A4F7556}") = "Contract", "Contract\Contract.csproj", "{81B5A4D9-83C8-4769-8FB9-05F35A7D3EA4}"
EndProject
Project("{9A19103F-16F7-4668-BE54-9A1E7A4F7556}") = "ServiceLibrary", "ServiceLibrary\ServiceLibrary.csproj", "{89DF39CA-987D-4A9A-B29A-3BB3B8C79B8D}"
EndProject
Project("{9A19103F-16F7-4668-BE54-9A1E7A4F7556}") = "ServiceHostApp", "ServiceHostApp\ServiceHostApp.csproj", "{4846B89F-B277-4A1B-8ABF-608B5F798FE4}"
EndProject
Project("{2150E333-8FDC-42A3-9474-1A3956D46DE8}") = "1. Starting from a component library", "1. Starting from a component library", "{954EC46C-AB02-4482-8C43-CB616BC4593D}"
EndProject
Project("{2150E333-8FDC-42A3-9474-1A3956D46DE8}") = "9. Some tools required", "9. Some tools required", "{313F2706-49AB-4C59-A6AA-1610D065BCE2}"
EndProject
Project("{9A19103F-16F7-4668-BE54-9A1E7A4F7556}") = "RoslynVisitor", "RoslynVisitor\RoslynVisitor.csproj", "{E72814E2-89B4-4E7E-BC6A-8D7BA048457D}"
EndProject
Project("{9A19103F-16F7-4668-BE54-9A1E7A4F7556}") = "FunctionGenerator", "FunctionGenerator\FunctionGenerator.csproj", "{BAB31D0E-0638-43B1-8477-9EDF0C935711}"
EndProject
Project("{9A19103F-16F7-4668-BE54-9A1E7A4F7556}") = "ServiceHostAppGenerated", "ServiceHostAppGenerated\ServiceHostAppGenerated.csproj", "{01598A0C-394D-45C6-AEFB-0AF68D35AADA}"
EndProject
Project("{2150E333-8FDC-42A3-9474-1A3956D46DE8}") = "4. Generating the function", "4. Generating the function", "{785DA867-5913-498E-804A-080151942151}"
EndProject
Project("{2150E333-8FDC-42A3-9474-1A3956D46DE8}") = "3. Exposing as a function", "3. Exposing as a function", "{2A184A6A-43F2-40E9-A5CD-902176D8021F}"
EndProject
Project("{9A19103F-16F7-4668-BE54-9A1E7A4F7556}") = "CustomRoslynGenerator", "CustomRoslynGenerator\CustomRoslynGenerator.csproj", "{C0BD5DE6-6ED4-4970-9229-C722D146D5B9}"
EndProject
Project("{2150E333-8FDC-42A3-9474-1A3956D46DE8}") = "2. Let's exercise", "2. Let's exercise", "{A74228CD-647B-4CD9-8E9B-C21E99C662D8}"
EndProject
Project("{9A19103F-16F7-4668-BE54-9A1E7A4F7556}") = "Library", "Library\Library.csproj", "{2DE4C45E-81AF-4BC5-97F3-364950DDEEB0}"
EndProject
Global
	GlobalSection(SolutionConfigurationPlatforms) = preSolution
		Debug|Any CPU = Debug|Any CPU
		Release|Any CPU = Release|Any CPU
	EndGlobalSection
	GlobalSection(ProjectConfigurationPlatforms) = postSolution
		{9C450433-0A53-4DEB-B989-EE26BED4FE2D}.Debug|Any CPU.ActiveCfg = Debug|Any CPU
		{9C450433-0A53-4DEB-B989-EE26BED4FE2D}.Debug|Any CPU.Build.0 = Debug|Any CPU
		{9C450433-0A53-4DEB-B989-EE26BED4FE2D}.Release|Any CPU.ActiveCfg = Release|Any CPU
		{9C450433-0A53-4DEB-B989-EE26BED4FE2D}.Release|Any CPU.Build.0 = Release|Any CPU
		{81B5A4D9-83C8-4769-8FB9-05F35A7D3EA4}.Debug|Any CPU.ActiveCfg = Debug|Any CPU
		{81B5A4D9-83C8-4769-8FB9-05F35A7D3EA4}.Debug|Any CPU.Build.0 = Debug|Any CPU
		{81B5A4D9-83C8-4769-8FB9-05F35A7D3EA4}.Release|Any CPU.ActiveCfg = Release|Any CPU
		{81B5A4D9-83C8-4769-8FB9-05F35A7D3EA4}.Release|Any CPU.Build.0 = Release|Any CPU
		{89DF39CA-987D-4A9A-B29A-3BB3B8C79B8D}.Debug|Any CPU.ActiveCfg = Debug|Any CPU
		{89DF39CA-987D-4A9A-B29A-3BB3B8C79B8D}.Debug|Any CPU.Build.0 = Debug|Any CPU
		{89DF39CA-987D-4A9A-B29A-3BB3B8C79B8D}.Release|Any CPU.ActiveCfg = Release|Any CPU
		{89DF39CA-987D-4A9A-B29A-3BB3B8C79B8D}.Release|Any CPU.Build.0 = Release|Any CPU
		{4846B89F-B277-4A1B-8ABF-608B5F798FE4}.Debug|Any CPU.ActiveCfg = Debug|Any CPU
		{4846B89F-B277-4A1B-8ABF-608B5F798FE4}.Debug|Any CPU.Build.0 = Debug|Any CPU
		{4846B89F-B277-4A1B-8ABF-608B5F798FE4}.Release|Any CPU.ActiveCfg = Release|Any CPU
		{4846B89F-B277-4A1B-8ABF-608B5F798FE4}.Release|Any CPU.Build.0 = Release|Any CPU
		{E72814E2-89B4-4E7E-BC6A-8D7BA048457D}.Debug|Any CPU.ActiveCfg = Debug|Any CPU
		{E72814E2-89B4-4E7E-BC6A-8D7BA048457D}.Debug|Any CPU.Build.0 = Debug|Any CPU
		{E72814E2-89B4-4E7E-BC6A-8D7BA048457D}.Release|Any CPU.ActiveCfg = Release|Any CPU
		{E72814E2-89B4-4E7E-BC6A-8D7BA048457D}.Release|Any CPU.Build.0 = Release|Any CPU
		{BAB31D0E-0638-43B1-8477-9EDF0C935711}.Debug|Any CPU.ActiveCfg = Debug|Any CPU
		{BAB31D0E-0638-43B1-8477-9EDF0C935711}.Debug|Any CPU.Build.0 = Debug|Any CPU
		{BAB31D0E-0638-43B1-8477-9EDF0C935711}.Release|Any CPU.ActiveCfg = Release|Any CPU
		{BAB31D0E-0638-43B1-8477-9EDF0C935711}.Release|Any CPU.Build.0 = Release|Any CPU
		{01598A0C-394D-45C6-AEFB-0AF68D35AADA}.Debug|Any CPU.ActiveCfg = Debug|Any CPU
		{01598A0C-394D-45C6-AEFB-0AF68D35AADA}.Debug|Any CPU.Build.0 = Debug|Any CPU
		{01598A0C-394D-45C6-AEFB-0AF68D35AADA}.Release|Any CPU.ActiveCfg = Release|Any CPU
		{01598A0C-394D-45C6-AEFB-0AF68D35AADA}.Release|Any CPU.Build.0 = Release|Any CPU
		{C0BD5DE6-6ED4-4970-9229-C722D146D5B9}.Debug|Any CPU.ActiveCfg = Debug|Any CPU
		{C0BD5DE6-6ED4-4970-9229-C722D146D5B9}.Debug|Any CPU.Build.0 = Debug|Any CPU
		{C0BD5DE6-6ED4-4970-9229-C722D146D5B9}.Release|Any CPU.ActiveCfg = Release|Any CPU
		{C0BD5DE6-6ED4-4970-9229-C722D146D5B9}.Release|Any CPU.Build.0 = Release|Any CPU
		{2DE4C45E-81AF-4BC5-97F3-364950DDEEB0}.Debug|Any CPU.ActiveCfg = Debug|Any CPU
		{2DE4C45E-81AF-4BC5-97F3-364950DDEEB0}.Debug|Any CPU.Build.0 = Debug|Any CPU
		{2DE4C45E-81AF-4BC5-97F3-364950DDEEB0}.Release|Any CPU.ActiveCfg = Release|Any CPU
		{2DE4C45E-81AF-4BC5-97F3-364950DDEEB0}.Release|Any CPU.Build.0 = Release|Any CPU
	EndGlobalSection
	GlobalSection(SolutionProperties) = preSolution
		HideSolutionNode = FALSE
	EndGlobalSection
	GlobalSection(NestedProjects) = preSolution
		{9C450433-0A53-4DEB-B989-EE26BED4FE2D} = {A74228CD-647B-4CD9-8E9B-C21E99C662D8}
		{81B5A4D9-83C8-4769-8FB9-05F35A7D3EA4} = {954EC46C-AB02-4482-8C43-CB616BC4593D}
		{89DF39CA-987D-4A9A-B29A-3BB3B8C79B8D} = {954EC46C-AB02-4482-8C43-CB616BC4593D}
		{4846B89F-B277-4A1B-8ABF-608B5F798FE4} = {2A184A6A-43F2-40E9-A5CD-902176D8021F}
		{E72814E2-89B4-4E7E-BC6A-8D7BA048457D} = {313F2706-49AB-4C59-A6AA-1610D065BCE2}
		{BAB31D0E-0638-43B1-8477-9EDF0C935711} = {785DA867-5913-498E-804A-080151942151}
		{01598A0C-394D-45C6-AEFB-0AF68D35AADA} = {785DA867-5913-498E-804A-080151942151}
		{C0BD5DE6-6ED4-4970-9229-C722D146D5B9} = {313F2706-49AB-4C59-A6AA-1610D065BCE2}
		{2DE4C45E-81AF-4BC5-97F3-364950DDEEB0} = {A74228CD-647B-4CD9-8E9B-C21E99C662D8}
	EndGlobalSection
	GlobalSection(ExtensibilityGlobals) = postSolution
		SolutionGuid = {D932BA35-B951-4FEB-A2BE-B28F0E789B1C}
	EndGlobalSection
EndGlobal
