
Microsoft Visual Studio Solution File, Format Version 12.00
# Visual Studio Version 17
VisualStudioVersion = 17.0.31717.71
MinimumVisualStudioVersion = 10.0.40219.1
Project("{FAE04EC0-301F-11D3-BF4B-00C04F79EFBC}") = "TestDevicePnP", "TestDevicePnP\TestDevicePnP.csproj", "{95AD64BD-CEE9-4E49-97CD-9FDD7838C15F}"
EndProject
Project("{FAE04EC0-301F-11D3-BF4B-00C04F79EFBC}") = "DevicePnPGenerator", "DevicePnPGenerator\DevicePnPGenerator.csproj", "{E2C1EAA4-4B8C-42DB-9460-901336231188}"
EndProject
Project("{FAE04EC0-301F-11D3-BF4B-00C04F79EFBC}") = "TestDTDLGenerator", "TestDTDLGenerator\TestDTDLGenerator.csproj", "{3E289A5E-1B5B-48DC-A562-24DF318097A0}"
EndProject
Global
	GlobalSection(SolutionConfigurationPlatforms) = preSolution
		Debug|Any CPU = Debug|Any CPU
		Release|Any CPU = Release|Any CPU
	EndGlobalSection
	GlobalSection(ProjectConfigurationPlatforms) = postSolution
		{81B5A4D9-83C8-4769-8FB9-05F35A7D3EA4}.Debug|Any CPU.ActiveCfg = Debug|Any CPU
		{81B5A4D9-83C8-4769-8FB9-05F35A7D3EA4}.Debug|Any CPU.Build.0 = Debug|Any CPU
		{81B5A4D9-83C8-4769-8FB9-05F35A7D3EA4}.Release|Any CPU.ActiveCfg = Release|Any CPU
		{81B5A4D9-83C8-4769-8FB9-05F35A7D3EA4}.Release|Any CPU.Build.0 = Release|Any CPU
		{89DF39CA-987D-4A9A-B29A-3BB3B8C79B8D}.Debug|Any CPU.ActiveCfg = Debug|Any CPU
		{89DF39CA-987D-4A9A-B29A-3BB3B8C79B8D}.Debug|Any CPU.Build.0 = Debug|Any CPU
		{89DF39CA-987D-4A9A-B29A-3BB3B8C79B8D}.Release|Any CPU.ActiveCfg = Release|Any CPU
		{89DF39CA-987D-4A9A-B29A-3BB3B8C79B8D}.Release|Any CPU.Build.0 = Release|Any CPU
		{4846B89F-B277-4A1B-8ABF-608B5F798FE4}.Debug|Any CPU.ActiveCfg = Debug|Any CPU
		{4846B89F-B277-4A1B-8ABF-608B5F798FE4}.Debug|Any CPU.Build.0 = Debug|Any CPU
		{4846B89F-B277-4A1B-8ABF-608B5F798FE4}.Release|Any CPU.ActiveCfg = Release|Any CPU
		{4846B89F-B277-4A1B-8ABF-608B5F798FE4}.Release|Any CPU.Build.0 = Release|Any CPU
		{E72814E2-89B4-4E7E-BC6A-8D7BA048457D}.Debug|Any CPU.ActiveCfg = Debug|Any CPU
		{E72814E2-89B4-4E7E-BC6A-8D7BA048457D}.Debug|Any CPU.Build.0 = Debug|Any CPU
		{E72814E2-89B4-4E7E-BC6A-8D7BA048457D}.Release|Any CPU.ActiveCfg = Release|Any CPU
		{E72814E2-89B4-4E7E-BC6A-8D7BA048457D}.Release|Any CPU.Build.0 = Release|Any CPU
		{BAB31D0E-0638-43B1-8477-9EDF0C935711}.Debug|Any CPU.ActiveCfg = Debug|Any CPU
		{BAB31D0E-0638-43B1-8477-9EDF0C935711}.Debug|Any CPU.Build.0 = Debug|Any CPU
		{BAB31D0E-0638-43B1-8477-9EDF0C935711}.Release|Any CPU.ActiveCfg = Release|Any CPU
		{BAB31D0E-0638-43B1-8477-9EDF0C935711}.Release|Any CPU.Build.0 = Release|Any CPU
		{01598A0C-394D-45C6-AEFB-0AF68D35AADA}.Debug|Any CPU.ActiveCfg = Debug|Any CPU
		{01598A0C-394D-45C6-AEFB-0AF68D35AADA}.Debug|Any CPU.Build.0 = Debug|Any CPU
		{01598A0C-394D-45C6-AEFB-0AF68D35AADA}.Release|Any CPU.ActiveCfg = Release|Any CPU
		{01598A0C-394D-45C6-AEFB-0AF68D35AADA}.Release|Any CPU.Build.0 = Release|Any CPU
		{C0BD5DE6-6ED4-4970-9229-C722D146D5B9}.Debug|Any CPU.ActiveCfg = Debug|Any CPU
		{C0BD5DE6-6ED4-4970-9229-C722D146D5B9}.Debug|Any CPU.Build.0 = Debug|Any CPU
		{C0BD5DE6-6ED4-4970-9229-C722D146D5B9}.Release|Any CPU.ActiveCfg = Release|Any CPU
		{C0BD5DE6-6ED4-4970-9229-C722D146D5B9}.Release|Any CPU.Build.0 = Release|Any CPU
		{C77D7041-962A-4962-9B0B-A4A4D4ACE48B}.Debug|Any CPU.ActiveCfg = Debug|Any CPU
		{C77D7041-962A-4962-9B0B-A4A4D4ACE48B}.Debug|Any CPU.Build.0 = Debug|Any CPU
		{C77D7041-962A-4962-9B0B-A4A4D4ACE48B}.Release|Any CPU.ActiveCfg = Release|Any CPU
		{C77D7041-962A-4962-9B0B-A4A4D4ACE48B}.Release|Any CPU.Build.0 = Release|Any CPU
		{A583A68A-BC9A-48AE-98D2-940BEC9872A9}.Debug|Any CPU.ActiveCfg = Debug|Any CPU
		{A583A68A-BC9A-48AE-98D2-940BEC9872A9}.Debug|Any CPU.Build.0 = Debug|Any CPU
		{A583A68A-BC9A-48AE-98D2-940BEC9872A9}.Release|Any CPU.ActiveCfg = Release|Any CPU
		{A583A68A-BC9A-48AE-98D2-940BEC9872A9}.Release|Any CPU.Build.0 = Release|Any CPU
		{8B964369-82F5-464C-B29D-B6F3F9020BEC}.Debug|Any CPU.ActiveCfg = Debug|Any CPU
		{8B964369-82F5-464C-B29D-B6F3F9020BEC}.Debug|Any CPU.Build.0 = Debug|Any CPU
		{8B964369-82F5-464C-B29D-B6F3F9020BEC}.Release|Any CPU.ActiveCfg = Release|Any CPU
		{8B964369-82F5-464C-B29D-B6F3F9020BEC}.Release|Any CPU.Build.0 = Release|Any CPU
		{62E69FC7-350E-4969-AA63-C3E5E38C03C3}.Debug|Any CPU.ActiveCfg = Debug|Any CPU
		{62E69FC7-350E-4969-AA63-C3E5E38C03C3}.Debug|Any CPU.Build.0 = Debug|Any CPU
		{62E69FC7-350E-4969-AA63-C3E5E38C03C3}.Release|Any CPU.ActiveCfg = Release|Any CPU
		{62E69FC7-350E-4969-AA63-C3E5E38C03C3}.Release|Any CPU.Build.0 = Release|Any CPU
		{95AD64BD-CEE9-4E49-97CD-9FDD7838C15F}.Debug|Any CPU.ActiveCfg = Debug|Any CPU
		{95AD64BD-CEE9-4E49-97CD-9FDD7838C15F}.Debug|Any CPU.Build.0 = Debug|Any CPU
		{95AD64BD-CEE9-4E49-97CD-9FDD7838C15F}.Release|Any CPU.ActiveCfg = Release|Any CPU
		{95AD64BD-CEE9-4E49-97CD-9FDD7838C15F}.Release|Any CPU.Build.0 = Release|Any CPU
		{E2C1EAA4-4B8C-42DB-9460-901336231188}.Debug|Any CPU.ActiveCfg = Debug|Any CPU
		{E2C1EAA4-4B8C-42DB-9460-901336231188}.Debug|Any CPU.Build.0 = Debug|Any CPU
		{E2C1EAA4-4B8C-42DB-9460-901336231188}.Release|Any CPU.ActiveCfg = Release|Any CPU
		{E2C1EAA4-4B8C-42DB-9460-901336231188}.Release|Any CPU.Build.0 = Release|Any CPU
		{3E289A5E-1B5B-48DC-A562-24DF318097A0}.Debug|Any CPU.ActiveCfg = Debug|Any CPU
		{3E289A5E-1B5B-48DC-A562-24DF318097A0}.Debug|Any CPU.Build.0 = Debug|Any CPU
		{3E289A5E-1B5B-48DC-A562-24DF318097A0}.Release|Any CPU.ActiveCfg = Release|Any CPU
		{3E289A5E-1B5B-48DC-A562-24DF318097A0}.Release|Any CPU.Build.0 = Release|Any CPU
	EndGlobalSection
	GlobalSection(SolutionProperties) = preSolution
		HideSolutionNode = FALSE
	EndGlobalSection
	GlobalSection(NestedProjects) = preSolution
		{81B5A4D9-83C8-4769-8FB9-05F35A7D3EA4} = {954EC46C-AB02-4482-8C43-CB616BC4593D}
		{89DF39CA-987D-4A9A-B29A-3BB3B8C79B8D} = {954EC46C-AB02-4482-8C43-CB616BC4593D}
		{4846B89F-B277-4A1B-8ABF-608B5F798FE4} = {2A184A6A-43F2-40E9-A5CD-902176D8021F}
		{E72814E2-89B4-4E7E-BC6A-8D7BA048457D} = {313F2706-49AB-4C59-A6AA-1610D065BCE2}
		{BAB31D0E-0638-43B1-8477-9EDF0C935711} = {785DA867-5913-498E-804A-080151942151}
		{01598A0C-394D-45C6-AEFB-0AF68D35AADA} = {785DA867-5913-498E-804A-080151942151}
		{C0BD5DE6-6ED4-4970-9229-C722D146D5B9} = {313F2706-49AB-4C59-A6AA-1610D065BCE2}
		{C77D7041-962A-4962-9B0B-A4A4D4ACE48B} = {1C33A407-8FEE-45DC-BFF4-5E483F15FF7E}
		{A583A68A-BC9A-48AE-98D2-940BEC9872A9} = {1C33A407-8FEE-45DC-BFF4-5E483F15FF7E}
		{8B964369-82F5-464C-B29D-B6F3F9020BEC} = {1C33A407-8FEE-45DC-BFF4-5E483F15FF7E}
		{62E69FC7-350E-4969-AA63-C3E5E38C03C3} = {379C78FB-12E7-4E8B-B57E-649BBDC1C52F}
		{95AD64BD-CEE9-4E49-97CD-9FDD7838C15F} = {FD7D7E1B-513E-4B54-9DA2-E3C87DEAA0E4}
		{E2C1EAA4-4B8C-42DB-9460-901336231188} = {FD7D7E1B-513E-4B54-9DA2-E3C87DEAA0E4}
		{3E289A5E-1B5B-48DC-A562-24DF318097A0} = {FD7D7E1B-513E-4B54-9DA2-E3C87DEAA0E4}
	EndGlobalSection
	GlobalSection(ExtensibilityGlobals) = postSolution
		SolutionGuid = {D932BA35-B951-4FEB-A2BE-B28F0E789B1C}
	EndGlobalSection
EndGlobal
